schema: '2.0'
stages:
  load_data:
    cmd: /Users/B026289/anaconda3/bin/python src/load_data.py --config=params.yaml
    deps:
    - path: data_given/winequality.csv
      md5: ccc8d3507eb151f53f760d36abdef888
      size: 91998
    - path: src/get_data.py
      md5: 14beeaeccd3de10bd55b74b739d8232f
      size: 675
    - path: src/load_data.py
      md5: dc8772b0bba45529394957f89cbc788c
      size: 671
    outs:
    - path: data/raw/winequality.csv
      md5: dcb9f7736a81b73cf4cf803b5ef3f07e
      size: 100950
  split_data:
    cmd: /Users/B026289/anaconda3/bin/python src/split_data.py --config=params.yaml
    deps:
    - path: data/raw/winequality.csv
      md5: dcb9f7736a81b73cf4cf803b5ef3f07e
      size: 100950
    - path: src/split_data.py
      md5: 7bf2fd25fcc9db01ae608c7727002afe
      size: 1084
    outs:
    - path: data/processed/test_winequality.csv
      md5: 5787b15b8bb42aa53b817010d433f041
      size: 19101
    - path: data/processed/train_winequality.csv
      md5: e320178d92172ce1a1cbcbe92e6bdfa1
      size: 76065
